{
  "version": 4,
  "terraform_version": "1.7.0",
  "serial": 74,
  "lineage": "6091c5bd-1841-a1b7-af02-f3a5976d5411",
  "outputs": {},
  "resources": [
    {
      "module": "module.app",
      "mode": "managed",
      "type": "yandex_compute_instance",
      "name": "app",
      "provider": "provider[\"registry.terraform.io/yandex-cloud/yandex\"]",
      "instances": [
        {
          "schema_version": 1,
          "attributes": {
            "allow_recreate": null,
            "allow_stopping_for_update": null,
            "boot_disk": [
              {
                "auto_delete": true,
                "device_name": "fhm9caad2o55tqsgfbfh",
                "disk_id": "fhm9caad2o55tqsgfbfh",
                "initialize_params": [
                  {
                    "block_size": 4096,
                    "description": "",
                    "image_id": "fd8361l2u2l4mjhj09qp",
                    "name": "",
                    "size": 10,
                    "snapshot_id": "",
                    "type": "network-hdd"
                  }
                ],
                "mode": "READ_WRITE"
              }
            ],
            "created_at": "2024-02-28T10:15:13Z",
            "description": "",
            "filesystem": [],
            "folder_id": "b1g6d2os0e03fvosisbq",
            "fqdn": "fhmgg7on60vd3jiojns3.auto.internal",
            "gpu_cluster_id": "",
            "hostname": "",
            "id": "fhmgg7on60vd3jiojns3",
            "labels": {
              "tags": "reddit-app"
            },
            "local_disk": [],
            "maintenance_grace_period": "",
            "maintenance_policy": null,
            "metadata": {
              "ssh-keys": "ubuntu:ssh-rsa AAAAB3NzaC1yc2EAAAADAQABAAABgQDX+YRnEu2dV5VtuEgwItCEW/KB9ej0d4+xmMDjGb8x49ZGyW5pN9aW68xynGFPJAWOOR9s+okv1AuKkrIxOJEcLIaRqYPMoSMOU8MOF55CIQPIqeNN9R3loUzP5oGK0yUZArN7m6s3FO/ehpsRg+WKoud7YDAEwABhJvHde2mQakXOz7SehljqOMVzF8zrXGC5rdhXAw9gTuoZXw7wLZk4HSKZ2pen34Z4ngPAzFKsJ9F3JE8E80d9oQk3LhCt+N3JFT//Ccr6INtLQrraZHxIPs6HCqYaRSlp692nsOPcmg7YjKhiRV/aUJxuDXMpPJxWNa0dTVIzSG4VKW5k0FP0rLzfH8X43L4934lIcdyCRJL197nNz0heMNyBy1+K3yZoM4ij4dh98vb4ZmcF1z7ZGq3GSxmbFzrR/QZ0T+y92ONpqOYpMtgmfTVMdvMY2k+jhmX2bJDGYEDLz5GgB5jVrt0S4EPj9QqycynWwXOfrS+pTp6JOqnLvJD+5iWAU1s= joni@joni-VirtualBox\n"
            },
            "metadata_options": [
              {
                "aws_v1_http_endpoint": 1,
                "aws_v1_http_token": 2,
                "gce_http_endpoint": 1,
                "gce_http_token": 1
              }
            ],
            "name": "reddit-app",
            "network_acceleration_type": "standard",
            "network_interface": [
              {
                "dns_record": [],
                "index": 0,
                "ip_address": "10.128.0.18",
                "ipv4": true,
                "ipv6": false,
                "ipv6_address": "",
                "ipv6_dns_record": [],
                "mac_address": "d0:0d:10:81:f1:73",
                "nat": true,
                "nat_dns_record": [],
                "nat_ip_address": "158.160.61.60",
                "nat_ip_version": "IPV4",
                "security_group_ids": [],
                "subnet_id": "e9biv05ge38j96v8dmns"
              }
            ],
            "placement_policy": [
              {
                "host_affinity_rules": [],
                "placement_group_id": "",
                "placement_group_partition": 0
              }
            ],
            "platform_id": "standard-v1",
            "resources": [
              {
                "core_fraction": 100,
                "cores": 2,
                "gpus": 0,
                "memory": 2
              }
            ],
            "scheduling_policy": [
              {
                "preemptible": false
              }
            ],
            "secondary_disk": [],
            "service_account_id": "",
            "status": "running",
            "timeouts": null,
            "zone": "ru-central1-a"
          },
          "sensitive_attributes": [],
          "private": "eyJlMmJmYjczMC1lY2FhLTExZTYtOGY4OC0zNDM2M2JjN2M0YzAiOnsiY3JlYXRlIjozMDAwMDAwMDAwMDAsImRlbGV0ZSI6MzAwMDAwMDAwMDAwLCJ1cGRhdGUiOjMwMDAwMDAwMDAwMH0sInNjaGVtYV92ZXJzaW9uIjoiMSJ9"
        }
      ]
    },
    {
      "module": "module.db",
      "mode": "managed",
      "type": "yandex_compute_instance",
      "name": "db",
      "provider": "provider[\"registry.terraform.io/yandex-cloud/yandex\"]",
      "instances": [
        {
          "schema_version": 1,
          "attributes": {
            "allow_recreate": null,
            "allow_stopping_for_update": null,
            "boot_disk": [
              {
                "auto_delete": true,
                "device_name": "fhmdh6ni99t13l4dsb2n",
                "disk_id": "fhmdh6ni99t13l4dsb2n",
                "initialize_params": [
                  {
                    "block_size": 4096,
                    "description": "",
                    "image_id": "fd8361l2u2l4mjhj09qp",
                    "name": "",
                    "size": 10,
                    "snapshot_id": "",
                    "type": "network-hdd"
                  }
                ],
                "mode": "READ_WRITE"
              }
            ],
            "created_at": "2024-02-28T10:15:13Z",
            "description": "",
            "filesystem": [],
            "folder_id": "b1g6d2os0e03fvosisbq",
            "fqdn": "fhmpk7a7p3qp4cfso7e7.auto.internal",
            "gpu_cluster_id": "",
            "hostname": "",
            "id": "fhmpk7a7p3qp4cfso7e7",
            "labels": {
              "tags": "reddit-db"
            },
            "local_disk": [],
            "maintenance_grace_period": "",
            "maintenance_policy": null,
            "metadata": {
              "ssh-keys": "ubuntu:ssh-rsa AAAAB3NzaC1yc2EAAAADAQABAAABgQDX+YRnEu2dV5VtuEgwItCEW/KB9ej0d4+xmMDjGb8x49ZGyW5pN9aW68xynGFPJAWOOR9s+okv1AuKkrIxOJEcLIaRqYPMoSMOU8MOF55CIQPIqeNN9R3loUzP5oGK0yUZArN7m6s3FO/ehpsRg+WKoud7YDAEwABhJvHde2mQakXOz7SehljqOMVzF8zrXGC5rdhXAw9gTuoZXw7wLZk4HSKZ2pen34Z4ngPAzFKsJ9F3JE8E80d9oQk3LhCt+N3JFT//Ccr6INtLQrraZHxIPs6HCqYaRSlp692nsOPcmg7YjKhiRV/aUJxuDXMpPJxWNa0dTVIzSG4VKW5k0FP0rLzfH8X43L4934lIcdyCRJL197nNz0heMNyBy1+K3yZoM4ij4dh98vb4ZmcF1z7ZGq3GSxmbFzrR/QZ0T+y92ONpqOYpMtgmfTVMdvMY2k+jhmX2bJDGYEDLz5GgB5jVrt0S4EPj9QqycynWwXOfrS+pTp6JOqnLvJD+5iWAU1s= joni@joni-VirtualBox\n"
            },
            "metadata_options": [
              {
                "aws_v1_http_endpoint": 1,
                "aws_v1_http_token": 2,
                "gce_http_endpoint": 1,
                "gce_http_token": 1
              }
            ],
            "name": "reddit-db",
            "network_acceleration_type": "standard",
            "network_interface": [
              {
                "dns_record": [],
                "index": 0,
                "ip_address": "10.128.0.16",
                "ipv4": true,
                "ipv6": false,
                "ipv6_address": "",
                "ipv6_dns_record": [],
                "mac_address": "d0:0d:19:a1:d4:7c",
                "nat": true,
                "nat_dns_record": [],
                "nat_ip_address": "158.160.52.138",
                "nat_ip_version": "IPV4",
                "security_group_ids": [],
                "subnet_id": "e9biv05ge38j96v8dmns"
              }
            ],
            "placement_policy": [
              {
                "host_affinity_rules": [],
                "placement_group_id": "",
                "placement_group_partition": 0
              }
            ],
            "platform_id": "standard-v1",
            "resources": [
              {
                "core_fraction": 100,
                "cores": 2,
                "gpus": 0,
                "memory": 2
              }
            ],
            "scheduling_policy": [
              {
                "preemptible": false
              }
            ],
            "secondary_disk": [],
            "service_account_id": "",
            "status": "running",
            "timeouts": null,
            "zone": "ru-central1-a"
          },
          "sensitive_attributes": [],
          "private": "eyJlMmJmYjczMC1lY2FhLTExZTYtOGY4OC0zNDM2M2JjN2M0YzAiOnsiY3JlYXRlIjozMDAwMDAwMDAwMDAsImRlbGV0ZSI6MzAwMDAwMDAwMDAwLCJ1cGRhdGUiOjMwMDAwMDAwMDAwMH0sInNjaGVtYV92ZXJzaW9uIjoiMSJ9"
        }
      ]
    }
  ],
  "check_results": null
}
